
Microsoft Visual Studio Solution File, Format Version 12.00
# Visual Studio 15
VisualStudioVersion = 15.0.27130.2010
MinimumVisualStudioVersion = 10.0.40219.1
Project("{FAE04EC0-301F-11D3-BF4B-00C04F79EFBC}") = "Tutorial5-1AccountBalance", "ChapterFiveCode\Tutorial5-1AccountBalance.csproj", "{38CADBF7-F4F5-4189-A6CE-8C2E697E39F4}"
EndProject
Project("{FAE04EC0-301F-11D3-BF4B-00C04F79EFBC}") = "Turorial5-2EndingBalance", "EndingBalance\Turorial5-2EndingBalance.csproj", "{FBFBA908-ED85-492A-9423-8C3D2DCA732E}"
EndProject
Global
	GlobalSection(SolutionConfigurationPlatforms) = preSolution
		Debug|Any CPU = Debug|Any CPU
		Release|Any CPU = Release|Any CPU
	EndGlobalSection
	GlobalSection(ProjectConfigurationPlatforms) = postSolution
		{38CADBF7-F4F5-4189-A6CE-8C2E697E39F4}.Debug|Any CPU.ActiveCfg = Debug|Any CPU
		{38CADBF7-F4F5-4189-A6CE-8C2E697E39F4}.Debug|Any CPU.Build.0 = Debug|Any CPU
		{38CADBF7-F4F5-4189-A6CE-8C2E697E39F4}.Release|Any CPU.ActiveCfg = Release|Any CPU
		{38CADBF7-F4F5-4189-A6CE-8C2E697E39F4}.Release|Any CPU.Build.0 = Release|Any CPU
		{FBFBA908-ED85-492A-9423-8C3D2DCA732E}.Debug|Any CPU.ActiveCfg = Debug|Any CPU
		{FBFBA908-ED85-492A-9423-8C3D2DCA732E}.Debug|Any CPU.Build.0 = Debug|Any CPU
		{FBFBA908-ED85-492A-9423-8C3D2DCA732E}.Release|Any CPU.ActiveCfg = Release|Any CPU
		{FBFBA908-ED85-492A-9423-8C3D2DCA732E}.Release|Any CPU.Build.0 = Release|Any CPU
	EndGlobalSection
	GlobalSection(SolutionProperties) = preSolution
		HideSolutionNode = FALSE
	EndGlobalSection
	GlobalSection(ExtensibilityGlobals) = postSolution
		SolutionGuid = {4CABEDC6-C266-4382-BDFF-D27D85A0CFD2}
	EndGlobalSection
EndGlobal
