
Microsoft Visual Studio Solution File, Format Version 12.00
# Visual Studio 15
VisualStudioVersion = 15.0.27130.2027
MinimumVisualStudioVersion = 10.0.40219.1
Project("{FAE04EC0-301F-11D3-BF4B-00C04F79EFBC}") = "Tutorial5-1AccountBalance", "ChapterFiveCode\Tutorial5-1AccountBalance.csproj", "{38CADBF7-F4F5-4189-A6CE-8C2E697E39F4}"
EndProject
Project("{FAE04EC0-301F-11D3-BF4B-00C04F79EFBC}") = "Tutorial5-2EndingBalance", "EndingBalance\Tutorial5-2EndingBalance.csproj", "{FBFBA908-ED85-492A-9423-8C3D2DCA732E}"
EndProject
Project("{FAE04EC0-301F-11D3-BF4B-00C04F79EFBC}") = "Tutorial5-3forLoop", "Tutorial5-3forLoop\Tutorial5-3forLoop.csproj", "{D08AC446-6ADC-42E4-9DE5-D421844B33B7}"
EndProject
Project("{FAE04EC0-301F-11D3-BF4B-00C04F79EFBC}") = "Tutorial5-4TextFile", "WindowsFormsApp2\Tutorial5-4TextFile.csproj", "{193B0FFB-1E5D-4835-8B92-50228B69ABB9}"
EndProject
Project("{FAE04EC0-301F-11D3-BF4B-00C04F79EFBC}") = "Tutorial5-5AppendingFile", "Tutorial5-5\Tutorial5-5AppendingFile.csproj", "{1675470E-1F1D-42AA-8888-8DE7E793FAE3}"
EndProject
Project("{FAE04EC0-301F-11D3-BF4B-00C04F79EFBC}") = "Tutorial5-6LoopToEnd", "Tutorial5-6\Tutorial5-6LoopToEnd.csproj", "{FDB8D428-A899-4532-8F14-1758AA52A0F9}"
EndProject
Project("{FAE04EC0-301F-11D3-BF4B-00C04F79EFBC}") = "Tutorial5-7RunningTotal", "Tutorial5-7RunningTotal\Tutorial5-7RunningTotal.csproj", "{45862908-2DE2-4A40-98D4-D13BB93E2DE6}"
EndProject
Project("{FAE04EC0-301F-11D3-BF4B-00C04F79EFBC}") = "Tutorial5-8Coins", "Tutorial5-8Coins\Tutorial5-8Coins.csproj", "{582E067B-A2AC-4058-AEBF-6C45DE33A8D9}"
EndProject
Project("{FAE04EC0-301F-11D3-BF4B-00C04F79EFBC}") = "Tutorial5-9LoadEvent", "Tutorial5-9LoadEvent\Tutorial5-9LoadEvent.csproj", "{59C584CD-9541-4A33-964E-256E82AA6CB1}"
EndProject
Global
	GlobalSection(SolutionConfigurationPlatforms) = preSolution
		Debug|Any CPU = Debug|Any CPU
		Release|Any CPU = Release|Any CPU
	EndGlobalSection
	GlobalSection(ProjectConfigurationPlatforms) = postSolution
		{38CADBF7-F4F5-4189-A6CE-8C2E697E39F4}.Debug|Any CPU.ActiveCfg = Debug|Any CPU
		{38CADBF7-F4F5-4189-A6CE-8C2E697E39F4}.Debug|Any CPU.Build.0 = Debug|Any CPU
		{38CADBF7-F4F5-4189-A6CE-8C2E697E39F4}.Release|Any CPU.ActiveCfg = Release|Any CPU
		{38CADBF7-F4F5-4189-A6CE-8C2E697E39F4}.Release|Any CPU.Build.0 = Release|Any CPU
		{FBFBA908-ED85-492A-9423-8C3D2DCA732E}.Debug|Any CPU.ActiveCfg = Debug|Any CPU
		{FBFBA908-ED85-492A-9423-8C3D2DCA732E}.Debug|Any CPU.Build.0 = Debug|Any CPU
		{FBFBA908-ED85-492A-9423-8C3D2DCA732E}.Release|Any CPU.ActiveCfg = Release|Any CPU
		{FBFBA908-ED85-492A-9423-8C3D2DCA732E}.Release|Any CPU.Build.0 = Release|Any CPU
		{D08AC446-6ADC-42E4-9DE5-D421844B33B7}.Debug|Any CPU.ActiveCfg = Debug|Any CPU
		{D08AC446-6ADC-42E4-9DE5-D421844B33B7}.Debug|Any CPU.Build.0 = Debug|Any CPU
		{D08AC446-6ADC-42E4-9DE5-D421844B33B7}.Release|Any CPU.ActiveCfg = Release|Any CPU
		{D08AC446-6ADC-42E4-9DE5-D421844B33B7}.Release|Any CPU.Build.0 = Release|Any CPU
		{193B0FFB-1E5D-4835-8B92-50228B69ABB9}.Debug|Any CPU.ActiveCfg = Debug|Any CPU
		{193B0FFB-1E5D-4835-8B92-50228B69ABB9}.Debug|Any CPU.Build.0 = Debug|Any CPU
		{193B0FFB-1E5D-4835-8B92-50228B69ABB9}.Release|Any CPU.ActiveCfg = Release|Any CPU
		{193B0FFB-1E5D-4835-8B92-50228B69ABB9}.Release|Any CPU.Build.0 = Release|Any CPU
		{1675470E-1F1D-42AA-8888-8DE7E793FAE3}.Debug|Any CPU.ActiveCfg = Debug|Any CPU
		{1675470E-1F1D-42AA-8888-8DE7E793FAE3}.Debug|Any CPU.Build.0 = Debug|Any CPU
		{1675470E-1F1D-42AA-8888-8DE7E793FAE3}.Release|Any CPU.ActiveCfg = Release|Any CPU
		{1675470E-1F1D-42AA-8888-8DE7E793FAE3}.Release|Any CPU.Build.0 = Release|Any CPU
		{FDB8D428-A899-4532-8F14-1758AA52A0F9}.Debug|Any CPU.ActiveCfg = Debug|Any CPU
		{FDB8D428-A899-4532-8F14-1758AA52A0F9}.Debug|Any CPU.Build.0 = Debug|Any CPU
		{FDB8D428-A899-4532-8F14-1758AA52A0F9}.Release|Any CPU.ActiveCfg = Release|Any CPU
		{FDB8D428-A899-4532-8F14-1758AA52A0F9}.Release|Any CPU.Build.0 = Release|Any CPU
		{45862908-2DE2-4A40-98D4-D13BB93E2DE6}.Debug|Any CPU.ActiveCfg = Debug|Any CPU
		{45862908-2DE2-4A40-98D4-D13BB93E2DE6}.Debug|Any CPU.Build.0 = Debug|Any CPU
		{45862908-2DE2-4A40-98D4-D13BB93E2DE6}.Release|Any CPU.ActiveCfg = Release|Any CPU
		{45862908-2DE2-4A40-98D4-D13BB93E2DE6}.Release|Any CPU.Build.0 = Release|Any CPU
		{582E067B-A2AC-4058-AEBF-6C45DE33A8D9}.Debug|Any CPU.ActiveCfg = Debug|Any CPU
		{582E067B-A2AC-4058-AEBF-6C45DE33A8D9}.Debug|Any CPU.Build.0 = Debug|Any CPU
		{582E067B-A2AC-4058-AEBF-6C45DE33A8D9}.Release|Any CPU.ActiveCfg = Release|Any CPU
		{582E067B-A2AC-4058-AEBF-6C45DE33A8D9}.Release|Any CPU.Build.0 = Release|Any CPU
		{59C584CD-9541-4A33-964E-256E82AA6CB1}.Debug|Any CPU.ActiveCfg = Debug|Any CPU
		{59C584CD-9541-4A33-964E-256E82AA6CB1}.Debug|Any CPU.Build.0 = Debug|Any CPU
		{59C584CD-9541-4A33-964E-256E82AA6CB1}.Release|Any CPU.ActiveCfg = Release|Any CPU
		{59C584CD-9541-4A33-964E-256E82AA6CB1}.Release|Any CPU.Build.0 = Release|Any CPU
	EndGlobalSection
	GlobalSection(SolutionProperties) = preSolution
		HideSolutionNode = FALSE
	EndGlobalSection
	GlobalSection(ExtensibilityGlobals) = postSolution
		SolutionGuid = {4CABEDC6-C266-4382-BDFF-D27D85A0CFD2}
	EndGlobalSection
EndGlobal
